
Microsoft Visual Studio Solution File, Format Version 12.00
# Visual Studio Version 17
VisualStudioVersion = 17.9.34607.119
MinimumVisualStudioVersion = 10.0.40219.1
Project("{8BC9CEB8-8B4A-11D0-8D11-00A0C91BC942}") = "Pemdas Kelas B cpp", "Pemdas Kelas B cpp\Pemdas Kelas B cpp.vcxproj", "{DC571B91-9544-45C5-AB49-57E2B21B45A8}"
EndProject
Global
	GlobalSection(SolutionConfigurationPlatforms) = preSolution
		Debug|x64 = Debug|x64
		Debug|x86 = Debug|x86
		Release|x64 = Release|x64
		Release|x86 = Release|x86
	EndGlobalSection
	GlobalSection(ProjectConfigurationPlatforms) = postSolution
		{DC571B91-9544-45C5-AB49-57E2B21B45A8}.Debug|x64.ActiveCfg = Debug|x64
		{DC571B91-9544-45C5-AB49-57E2B21B45A8}.Debug|x64.Build.0 = Debug|x64
		{DC571B91-9544-45C5-AB49-57E2B21B45A8}.Debug|x86.ActiveCfg = Debug|Win32
		{DC571B91-9544-45C5-AB49-57E2B21B45A8}.Debug|x86.Build.0 = Debug|Win32
		{DC571B91-9544-45C5-AB49-57E2B21B45A8}.Release|x64.ActiveCfg = Release|x64
		{DC571B91-9544-45C5-AB49-57E2B21B45A8}.Release|x64.Build.0 = Release|x64
		{DC571B91-9544-45C5-AB49-57E2B21B45A8}.Release|x86.ActiveCfg = Release|Win32
		{DC571B91-9544-45C5-AB49-57E2B21B45A8}.Release|x86.Build.0 = Release|Win32
	EndGlobalSection
	GlobalSection(SolutionProperties) = preSolution
		HideSolutionNode = FALSE
	EndGlobalSection
	GlobalSection(ExtensibilityGlobals) = postSolution
		SolutionGuid = {3782D422-8597-4834-9F00-F80A45F3DB73}
	EndGlobalSection
EndGlobal
